
Microsoft Visual Studio Solution File, Format Version 12.00
# Visual Studio Version 17
VisualStudioVersion = 17.0.31912.275
MinimumVisualStudioVersion = 10.0.40219.1
Project("{9A19103F-16F7-4668-BE54-9A1E7A4F7556}") = "MattEland.AI.MLNet.ESRBPredictor.ConsoleApp", "MattEland.AI.MLNet.ESRBPredictor\MattEland.AI.MLNet.ESRBPredictor.ConsoleApp.csproj", "{9E7482DA-52F9-4C0E-9E23-42A989444FA9}"
EndProject
Project("{2150E333-8FDC-42A3-9474-1A3956D46DE8}") = "Solution Items", "Solution Items", "{CB77D67C-4D46-4274-93AA-98E6ACAEE379}"
	ProjectSection(SolutionItems) = preProject
		README.md = README.md
	EndProjectSection
EndProject
Project("{9A19103F-16F7-4668-BE54-9A1E7A4F7556}") = "MattEland.AI.MLNet.ESRBPredictor.Core", "MattEland.AI.MLNet.ESRBPredictor.Core\MattEland.AI.MLNet.ESRBPredictor.Core.csproj", "{D43D6E84-9393-42EB-BD0C-E783F6950D9B}"
EndProject
Project("{9A19103F-16F7-4668-BE54-9A1E7A4F7556}") = "MattEland.AI.MLNet.ESRBPredictor.SampleAPI", "MattEland.AI.MLNet.ESRBPredictor.SampleAPI\MattEland.AI.MLNet.ESRBPredictor.SampleAPI.csproj", "{27B0FBE4-D9BD-4616-AB85-4B1DF2EC4B64}"
EndProject
Project("{9A19103F-16F7-4668-BE54-9A1E7A4F7556}") = "MattEland.AI.MLNet.ESRBPredictor.TraditionalAPI", "MattEland.AI.MLNet.ESRBPredictor.TraditionalAPI\MattEland.AI.MLNet.ESRBPredictor.TraditionalAPI.csproj", "{77EB8748-4CFC-466F-9114-F35259AE230A}"
EndProject
Project("{FAE04EC0-301F-11D3-BF4B-00C04F79EFBC}") = "MattEland.AI.MLNet.Wrapper", "MattEland.AI.MLNet.Wrapper\MattEland.AI.MLNet.Wrapper.csproj", "{C8AB4D15-C654-4BB5-8D2D-067F206A2C11}"
EndProject
Global
	GlobalSection(SolutionConfigurationPlatforms) = preSolution
		Debug|Any CPU = Debug|Any CPU
		Release|Any CPU = Release|Any CPU
	EndGlobalSection
	GlobalSection(ProjectConfigurationPlatforms) = postSolution
		{9E7482DA-52F9-4C0E-9E23-42A989444FA9}.Debug|Any CPU.ActiveCfg = Debug|Any CPU
		{9E7482DA-52F9-4C0E-9E23-42A989444FA9}.Debug|Any CPU.Build.0 = Debug|Any CPU
		{9E7482DA-52F9-4C0E-9E23-42A989444FA9}.Release|Any CPU.ActiveCfg = Release|Any CPU
		{9E7482DA-52F9-4C0E-9E23-42A989444FA9}.Release|Any CPU.Build.0 = Release|Any CPU
		{D43D6E84-9393-42EB-BD0C-E783F6950D9B}.Debug|Any CPU.ActiveCfg = Debug|Any CPU
		{D43D6E84-9393-42EB-BD0C-E783F6950D9B}.Debug|Any CPU.Build.0 = Debug|Any CPU
		{D43D6E84-9393-42EB-BD0C-E783F6950D9B}.Release|Any CPU.ActiveCfg = Release|Any CPU
		{D43D6E84-9393-42EB-BD0C-E783F6950D9B}.Release|Any CPU.Build.0 = Release|Any CPU
		{27B0FBE4-D9BD-4616-AB85-4B1DF2EC4B64}.Debug|Any CPU.ActiveCfg = Debug|Any CPU
		{27B0FBE4-D9BD-4616-AB85-4B1DF2EC4B64}.Debug|Any CPU.Build.0 = Debug|Any CPU
		{27B0FBE4-D9BD-4616-AB85-4B1DF2EC4B64}.Release|Any CPU.ActiveCfg = Release|Any CPU
		{27B0FBE4-D9BD-4616-AB85-4B1DF2EC4B64}.Release|Any CPU.Build.0 = Release|Any CPU
		{77EB8748-4CFC-466F-9114-F35259AE230A}.Debug|Any CPU.ActiveCfg = Debug|Any CPU
		{77EB8748-4CFC-466F-9114-F35259AE230A}.Debug|Any CPU.Build.0 = Debug|Any CPU
		{77EB8748-4CFC-466F-9114-F35259AE230A}.Release|Any CPU.ActiveCfg = Release|Any CPU
		{77EB8748-4CFC-466F-9114-F35259AE230A}.Release|Any CPU.Build.0 = Release|Any CPU
		{C8AB4D15-C654-4BB5-8D2D-067F206A2C11}.Debug|Any CPU.ActiveCfg = Debug|Any CPU
		{C8AB4D15-C654-4BB5-8D2D-067F206A2C11}.Debug|Any CPU.Build.0 = Debug|Any CPU
		{C8AB4D15-C654-4BB5-8D2D-067F206A2C11}.Release|Any CPU.ActiveCfg = Release|Any CPU
		{C8AB4D15-C654-4BB5-8D2D-067F206A2C11}.Release|Any CPU.Build.0 = Release|Any CPU
	EndGlobalSection
	GlobalSection(SolutionProperties) = preSolution
		HideSolutionNode = FALSE
	EndGlobalSection
	GlobalSection(ExtensibilityGlobals) = postSolution
		SolutionGuid = {B2587B6A-0267-402B-9A75-5AECA21478BD}
	EndGlobalSection
EndGlobal
